{
  "name": "02-ionic-icons",
  "version": "1.0.0",
  "lockfileVersion": 2,
  "requires": true,
  "packages": {
    "": {
      "version": "1.0.0",
      "license": "ISC",
      "dependencies": {
        "ionicons": "^5.5.3"
      }
    },
    "node_modules/@stencil/core": {
      "version": "2.8.1",
      "resolved": "https://registry.npmjs.org/@stencil/core/-/core-2.8.1.tgz",
      "integrity": "sha512-iv9J6oLO/lv7/aO45M05yw3pp1J7olY400vlOZgdMVs3s5zHfalY1ZPYM0KyqU4+7DZuadKYbd0aQZ/g2PInZw==",
      "bin": {
        "stencil": "bin/stencil"
      },
      "engines": {
        "node": ">=12.10.0",
        "npm": ">=6.0.0"
      }
    },
    "node_modules/ionicons": {
      "version": "5.5.3",
      "resolved": "https://registry.npmjs.org/ionicons/-/ionicons-5.5.3.tgz",
      "integrity": "sha512-L71djrMi8pAad66tpwdnO1vwcyluCFvehzxU1PpH1k/HpYBZhZ5IaYhqXipmqUvu5aEbd4cbRguYyI5Fd4bxTw==",
      "dependencies": {
        "@stencil/core": "^2.5.0"
      }
    }
  },
  "dependencies": {
    "@stencil/core": {
      "version": "2.8.1",
      "resolved": "https://registry.npmjs.org/@stencil/core/-/core-2.8.1.tgz",
      "integrity": "sha512-iv9J6oLO/lv7/aO45M05yw3pp1J7olY400vlOZgdMVs3s5zHfalY1ZPYM0KyqU4+7DZuadKYbd0aQZ/g2PInZw=="
    },
    "ionicons": {
      "version": "5.5.3",
      "resolved": "https://registry.npmjs.org/ionicons/-/ionicons-5.5.3.tgz",
      "integrity": "sha512-L71djrMi8pAad66tpwdnO1vwcyluCFvehzxU1PpH1k/HpYBZhZ5IaYhqXipmqUvu5aEbd4cbRguYyI5Fd4bxTw==",
      "requires": {
        "@stencil/core": "^2.5.0"
      }
    }
  }
}
